{
  "name": "@trenskow/localization-data",
  "version": "1.3.3",
  "lockfileVersion": 3,
  "requires": true,
  "packages": {
    "": {
      "name": "@trenskow/localization-data",
      "version": "1.3.3",
      "license": "MIT",
      "dependencies": {
        "countries-list": "^3.1.0",
        "merge": "^2.1.1"
      },
      "devDependencies": {
        "xml2js": "^0.6.2"
      }
    },
    "node_modules/countries-list": {
      "version": "3.1.1",
      "resolved": "https://registry.npmjs.org/countries-list/-/countries-list-3.1.1.tgz",
      "integrity": "sha512-nPklKJ5qtmY5MdBKw1NiBAoyx5Sa7p2yPpljZyQ7gyCN1m+eMFs9I6CT37Mxt8zvR5L3VzD3DJBE4WQzX3WF4A=="
    },
    "node_modules/merge": {
      "version": "2.1.1",
      "resolved": "https://registry.npmjs.org/merge/-/merge-2.1.1.tgz",
      "integrity": "sha512-jz+Cfrg9GWOZbQAnDQ4hlVnQky+341Yk5ru8bZSe6sIDTCIg8n9i/u7hSQGSVOF3C7lH6mGtqjkiT9G4wFLL0w=="
    },
    "node_modules/sax": {
      "version": "1.4.1",
      "resolved": "https://registry.npmjs.org/sax/-/sax-1.4.1.tgz",
      "integrity": "sha512-+aWOz7yVScEGoKNd4PA10LZ8sk0A/z5+nXQG5giUO5rprX9jgYsTdov9qCchZiPIZezbZH+jRut8nPodFAX4Jg==",
      "dev": true
    },
    "node_modules/xml2js": {
      "version": "0.6.2",
      "resolved": "https://registry.npmjs.org/xml2js/-/xml2js-0.6.2.tgz",
      "integrity": "sha512-T4rieHaC1EXcES0Kxxj4JWgaUQHDk+qwHcYOCFHfiwKz7tOVPLq7Hjq9dM1WCMhylqMEfP7hMcOIChvotiZegA==",
      "dev": true,
      "dependencies": {
        "sax": ">=0.6.0",
        "xmlbuilder": "~11.0.0"
      },
      "engines": {
        "node": ">=4.0.0"
      }
    },
    "node_modules/xmlbuilder": {
      "version": "11.0.1",
      "resolved": "https://registry.npmjs.org/xmlbuilder/-/xmlbuilder-11.0.1.tgz",
      "integrity": "sha512-fDlsI/kFEx7gLvbecc0/ohLG50fugQp8ryHzMTuW9vSa1GJ0XYWKnhsUx7oie3G98+r56aTQIUB4kht42R3JvA==",
      "dev": true,
      "engines": {
        "node": ">=4.0"
      }
    }
  }
}
